
Microsoft Visual Studio Solution File, Format Version 12.00
# Visual Studio Version 16
VisualStudioVersion = 16.0.28803.916
MinimumVisualStudioVersion = 10.0.40219.1
Project("{FAE04EC0-301F-11D3-BF4B-00C04F79EFBC}") = "WindowsFormsApp1", "WindowsFormsApp1\WindowsFormsApp1.csproj", "{68625F96-F2FB-4AFB-A070-EF8E58ED4AA0}"
EndProject
Global
	GlobalSection(SolutionConfigurationPlatforms) = preSolution
		Debug|Any CPU = Debug|Any CPU
		Release|Any CPU = Release|Any CPU
	EndGlobalSection
	GlobalSection(ProjectConfigurationPlatforms) = postSolution
		{68625F96-F2FB-4AFB-A070-EF8E58ED4AA0}.Debug|Any CPU.ActiveCfg = Debug|Any CPU
		{68625F96-F2FB-4AFB-A070-EF8E58ED4AA0}.Debug|Any CPU.Build.0 = Debug|Any CPU
		{68625F96-F2FB-4AFB-A070-EF8E58ED4AA0}.Release|Any CPU.ActiveCfg = Release|Any CPU
		{68625F96-F2FB-4AFB-A070-EF8E58ED4AA0}.Release|Any CPU.Build.0 = Release|Any CPU
	EndGlobalSection
	GlobalSection(SolutionProperties) = preSolution
		HideSolutionNode = FALSE
	EndGlobalSection
	GlobalSection(ExtensibilityGlobals) = postSolution
		SolutionGuid = {C9F5FFA6-8B36-45BC-BB19-AC24B79E50F6}
	EndGlobalSection
EndGlobal
